// !$*UTF8*$!
{
	archiveVersion = 1;
	classes = {
	};
	objectVersion = 46;
	objects = {
/* Begin PBXBuildFile section */
		1D3623260D0F684500981E51 /* AppDelegate.m in Sources */ = {isa = PBXBuildFile; fileRef = 1D3623250D0F684500981E51 /* AppDelegate.m */; };
		1D60589B0D05DD56006BFB54 /* main.m in Sources */ = {isa = PBXBuildFile; fileRef = 29B97316FDCFA39411CA2CEA /* main.m */; };
		1F766FE113BBADB100FB74C0 /* Localizable.strings in Resources */ = {isa = PBXBuildFile; fileRef = 1F766FDC13BBADB100FB74C0 /* Localizable.strings */; };
		288765FD0DF74451002DB57D /* CoreGraphics.framework in Frameworks */ = {isa = PBXBuildFile; fileRef = 288765FC0DF74451002DB57D /* CoreGraphics.framework */; };
		301BF552109A68D80062928A /* libCordova.a in Frameworks */ = {isa = PBXBuildFile; fileRef = 301BF535109A57CC0062928A /* libCordova.a */; };
		302D95F114D2391D003F00A1 /* MainViewController.m in Sources */ = {isa = PBXBuildFile; fileRef = 302D95EF14D2391D003F00A1 /* MainViewController.m */; };
		302D95F214D2391D003F00A1 /* MainViewController.xib in Resources */ = {isa = PBXBuildFile; fileRef = 302D95F014D2391D003F00A1 /* MainViewController.xib */; };
		305D5FD1115AB8F900A74A75 /* MobileCoreServices.framework in Frameworks */ = {isa = PBXBuildFile; fileRef = 305D5FD0115AB8F900A74A75 /* MobileCoreServices.framework */; };
		3088BBBD154F3926009F9C59 /* Default-Landscape@2x~ipad.png in Resources */ = {isa = PBXBuildFile; fileRef = 3088BBB7154F3926009F9C59 /* Default-Landscape@2x~ipad.png */; };
		3088BBBE154F3926009F9C59 /* Default-Landscape~ipad.png in Resources */ = {isa = PBXBuildFile; fileRef = 3088BBB8154F3926009F9C59 /* Default-Landscape~ipad.png */; };
		3088BBBF154F3926009F9C59 /* Default-Portrait@2x~ipad.png in Resources */ = {isa = PBXBuildFile; fileRef = 3088BBB9154F3926009F9C59 /* Default-Portrait@2x~ipad.png */; };
		3088BBC0154F3926009F9C59 /* Default-Portrait~ipad.png in Resources */ = {isa = PBXBuildFile; fileRef = 3088BBBA154F3926009F9C59 /* Default-Portrait~ipad.png */; };
		3088BBC1154F3926009F9C59 /* Default@2x~iphone.png in Resources */ = {isa = PBXBuildFile; fileRef = 3088BBBB154F3926009F9C59 /* Default@2x~iphone.png */; };
		3088BBC2154F3926009F9C59 /* Default~iphone.png in Resources */ = {isa = PBXBuildFile; fileRef = 3088BBBC154F3926009F9C59 /* Default~iphone.png */; };
		308D05371370CCF300D202BF /* icon-72.png in Resources */ = {isa = PBXBuildFile; fileRef = 308D052E1370CCF300D202BF /* icon-72.png */; };
		308D05381370CCF300D202BF /* icon.png in Resources */ = {isa = PBXBuildFile; fileRef = 308D052F1370CCF300D202BF /* icon.png */; };
		308D05391370CCF300D202BF /* icon@2x.png in Resources */ = {isa = PBXBuildFile; fileRef = 308D05301370CCF300D202BF /* icon@2x.png */; };
		30A0434814DC770100060A13 /* Localizable.strings in Resources */ = {isa = PBXBuildFile; fileRef = 30A0434314DC770100060A13 /* Localizable.strings */; };
		30FC414916E50CA1004E6F35 /* icon-72@2x.png in Resources */ = {isa = PBXBuildFile; fileRef = 30FC414816E50CA1004E6F35 /* icon-72@2x.png */; };
		5AEE5B35173C68D80009041E /* CoreLocation.framework in Frameworks */ = {isa = PBXBuildFile; fileRef = 5AEE5B34173C68D80009041E /* CoreLocation.framework */; };
		5B1594DD16A7569C00FEF299 /* AssetsLibrary.framework in Frameworks */ = {isa = PBXBuildFile; fileRef = 5B1594DC16A7569C00FEF299 /* AssetsLibrary.framework */; };
		7E7966DE1810823500FA85AD /* icon-40.png in Resources */ = {isa = PBXBuildFile; fileRef = 7E7966D41810823500FA85AD /* icon-40.png */; };
		7E7966DF1810823500FA85AD /* icon-40@2x.png in Resources */ = {isa = PBXBuildFile; fileRef = 7E7966D51810823500FA85AD /* icon-40@2x.png */; };
		7E7966E01810823500FA85AD /* icon-50.png in Resources */ = {isa = PBXBuildFile; fileRef = 7E7966D61810823500FA85AD /* icon-50.png */; };
		7E7966E11810823500FA85AD /* icon-50@2x.png in Resources */ = {isa = PBXBuildFile; fileRef = 7E7966D71810823500FA85AD /* icon-50@2x.png */; };
		7E7966E21810823500FA85AD /* icon-60.png in Resources */ = {isa = PBXBuildFile; fileRef = 7E7966D81810823500FA85AD /* icon-60.png */; };
		7E7966E31810823500FA85AD /* icon-60@2x.png in Resources */ = {isa = PBXBuildFile; fileRef = 7E7966D91810823500FA85AD /* icon-60@2x.png */; };
		7E7966E41810823500FA85AD /* icon-76.png in Resources */ = {isa = PBXBuildFile; fileRef = 7E7966DA1810823500FA85AD /* icon-76.png */; };
		7E7966E51810823500FA85AD /* icon-76@2x.png in Resources */ = {isa = PBXBuildFile; fileRef = 7E7966DB1810823500FA85AD /* icon-76@2x.png */; };
		7E7966E61810823500FA85AD /* icon-small.png in Resources */ = {isa = PBXBuildFile; fileRef = 7E7966DC1810823500FA85AD /* icon-small.png */; };
		7E7966E71810823500FA85AD /* icon-small@2x.png in Resources */ = {isa = PBXBuildFile; fileRef = 7E7966DD1810823500FA85AD /* icon-small@2x.png */; };
		C09C4DE6FDD040C2BE14FB7B /* MyConfig.m in Sources */ = {isa = PBXBuildFile; fileRef = 223252A29BE94337A522A44A /* MyConfig.m */; };
		CE569D7219C92D12001961E8 /* Bee_Cache.mm in Sources */ = {isa = PBXBuildFile; fileRef = CE569D2719C92D12001961E8 /* Bee_Cache.mm */; settings = {COMPILER_FLAGS = "-fno-objc-arc"; }; };
		CE569D7319C92D12001961E8 /* Bee_CacheProtocol.mm in Sources */ = {isa = PBXBuildFile; fileRef = CE569D2919C92D12001961E8 /* Bee_CacheProtocol.mm */; settings = {COMPILER_FLAGS = "-fno-objc-arc"; }; };
		CE569D7419C92D12001961E8 /* Bee_FileCache.mm in Sources */ = {isa = PBXBuildFile; fileRef = CE569D2B19C92D12001961E8 /* Bee_FileCache.mm */; settings = {COMPILER_FLAGS = "-fno-objc-arc"; }; };
		CE569D7519C92D12001961E8 /* Bee_MemoryCache.mm in Sources */ = {isa = PBXBuildFile; fileRef = CE569D2E19C92D12001961E8 /* Bee_MemoryCache.mm */; settings = {COMPILER_FLAGS = "-fno-objc-arc"; }; };
		CE569D7619C92D12001961E8 /* Bee_Runtime.mm in Sources */ = {isa = PBXBuildFile; fileRef = CE569D3219C92D12001961E8 /* Bee_Runtime.mm */; settings = {COMPILER_FLAGS = "-fno-objc-arc"; }; };
		CE569D7719C92D12001961E8 /* Bee_Sandbox.mm in Sources */ = {isa = PBXBuildFile; fileRef = CE569D3419C92D12001961E8 /* Bee_Sandbox.mm */; settings = {COMPILER_FLAGS = "-fno-objc-arc"; }; };
		CE569D7819C92D12001961E8 /* Bee_SystemInfo.mm in Sources */ = {isa = PBXBuildFile; fileRef = CE569D3719C92D12001961E8 /* Bee_SystemInfo.mm */; settings = {COMPILER_FLAGS = "-fno-objc-arc"; }; };
		CE569D7919C92D12001961E8 /* Bee_UserDefaults.mm in Sources */ = {isa = PBXBuildFile; fileRef = CE569D3919C92D12001961E8 /* Bee_UserDefaults.mm */; settings = {COMPILER_FLAGS = "-fno-objc-arc"; }; };
		CE569D7A19C92D12001961E8 /* NSObject+BeeUserDefaults.mm in Sources */ = {isa = PBXBuildFile; fileRef = CE569D3C19C92D12001961E8 /* NSObject+BeeUserDefaults.mm */; settings = {COMPILER_FLAGS = "-fno-objc-arc"; }; };
		CE569D7B19C92D12001961E8 /* NSArray+BeeExtension.mm in Sources */ = {isa = PBXBuildFile; fileRef = CE569D3E19C92D12001961E8 /* NSArray+BeeExtension.mm */; settings = {COMPILER_FLAGS = "-fno-objc-arc"; }; };
		CE569D7C19C92D12001961E8 /* NSBundle+BeeExtension.m in Sources */ = {isa = PBXBuildFile; fileRef = CE569D4019C92D12001961E8 /* NSBundle+BeeExtension.m */; settings = {COMPILER_FLAGS = "-fno-objc-arc"; }; };
		CE569D7D19C92D12001961E8 /* NSData+BeeExtension.mm in Sources */ = {isa = PBXBuildFile; fileRef = CE569D4219C92D12001961E8 /* NSData+BeeExtension.mm */; settings = {COMPILER_FLAGS = "-fno-objc-arc"; }; };
		CE569D7E19C92D12001961E8 /* NSDate+BeeExtension.mm in Sources */ = {isa = PBXBuildFile; fileRef = CE569D4419C92D12001961E8 /* NSDate+BeeExtension.mm */; settings = {COMPILER_FLAGS = "-fno-objc-arc"; }; };
		CE569D7F19C92D12001961E8 /* NSDictionary+BeeExtension.mm in Sources */ = {isa = PBXBuildFile; fileRef = CE569D4619C92D12001961E8 /* NSDictionary+BeeExtension.mm */; settings = {COMPILER_FLAGS = "-fno-objc-arc"; }; };
		CE569D8019C92D12001961E8 /* NSNumber+BeeExtension.mm in Sources */ = {isa = PBXBuildFile; fileRef = CE569D4819C92D12001961E8 /* NSNumber+BeeExtension.mm */; settings = {COMPILER_FLAGS = "-fno-objc-arc"; }; };
		CE569D8119C92D12001961E8 /* NSObject+BeeJSON.mm in Sources */ = {isa = PBXBuildFile; fileRef = CE569D4A19C92D12001961E8 /* NSObject+BeeJSON.mm */; settings = {COMPILER_FLAGS = "-fno-objc-arc"; }; };
		CE569D8219C92D12001961E8 /* NSObject+BeeTypeConversion.mm in Sources */ = {isa = PBXBuildFile; fileRef = CE569D4D19C92D12001961E8 /* NSObject+BeeTypeConversion.mm */; settings = {COMPILER_FLAGS = "-fno-objc-arc"; }; };
		CE569D8319C92D12001961E8 /* NSString+BeeExtension.mm in Sources */ = {isa = PBXBuildFile; fileRef = CE569D4F19C92D12001961E8 /* NSString+BeeExtension.mm */; settings = {COMPILER_FLAGS = "-fno-objc-arc"; }; };
		CE569D8419C92D12001961E8 /* JSONKit.m in Sources */ = {isa = PBXBuildFile; fileRef = CE569D5219C92D12001961E8 /* JSONKit.m */; settings = {COMPILER_FLAGS = "-fno-objc-arc"; }; };
		CE569D8519C92D12001961E8 /* MBProgressHUD.m in Sources */ = {isa = PBXBuildFile; fileRef = CE569D5519C92D12001961E8 /* MBProgressHUD.m */; };
		CE569D8619C92D12001961E8 /* CTidy.m in Sources */ = {isa = PBXBuildFile; fileRef = CE569D5819C92D12001961E8 /* CTidy.m */; settings = {COMPILER_FLAGS = "-fno-objc-arc"; }; };
		CE569D8719C92D12001961E8 /* CXHTMLDocument.m in Sources */ = {isa = PBXBuildFile; fileRef = CE569D5A19C92D12001961E8 /* CXHTMLDocument.m */; settings = {COMPILER_FLAGS = "-fno-objc-arc"; }; };
		CE569D8819C92D12001961E8 /* CXMLDocument.m in Sources */ = {isa = PBXBuildFile; fileRef = CE569D5C19C92D12001961E8 /* CXMLDocument.m */; settings = {COMPILER_FLAGS = "-fno-objc-arc"; }; };
		CE569D8919C92D12001961E8 /* CXMLDocument_CreationExtensions.m in Sources */ = {isa = PBXBuildFile; fileRef = CE569D5E19C92D12001961E8 /* CXMLDocument_CreationExtensions.m */; settings = {COMPILER_FLAGS = "-fno-objc-arc"; }; };
		CE569D8A19C92D12001961E8 /* CXMLDocument_PrivateExtensions.m in Sources */ = {isa = PBXBuildFile; fileRef = CE569D6019C92D12001961E8 /* CXMLDocument_PrivateExtensions.m */; settings = {COMPILER_FLAGS = "-fno-objc-arc"; }; };
		CE569D8B19C92D12001961E8 /* CXMLElement.m in Sources */ = {isa = PBXBuildFile; fileRef = CE569D6219C92D12001961E8 /* CXMLElement.m */; settings = {COMPILER_FLAGS = "-fno-objc-arc"; }; };
		CE569D8C19C92D12001961E8 /* CXMLElement_CreationExtensions.m in Sources */ = {isa = PBXBuildFile; fileRef = CE569D6419C92D12001961E8 /* CXMLElement_CreationExtensions.m */; settings = {COMPILER_FLAGS = "-fno-objc-arc"; }; };
		CE569D8D19C92D12001961E8 /* CXMLElement_ElementTreeExtensions.m in Sources */ = {isa = PBXBuildFile; fileRef = CE569D6619C92D12001961E8 /* CXMLElement_ElementTreeExtensions.m */; settings = {COMPILER_FLAGS = "-fno-objc-arc"; }; };
		CE569D8E19C92D12001961E8 /* CXMLNamespaceNode.m in Sources */ = {isa = PBXBuildFile; fileRef = CE569D6819C92D12001961E8 /* CXMLNamespaceNode.m */; settings = {COMPILER_FLAGS = "-fno-objc-arc"; }; };
		CE569D8F19C92D12001961E8 /* CXMLNode.m in Sources */ = {isa = PBXBuildFile; fileRef = CE569D6A19C92D12001961E8 /* CXMLNode.m */; settings = {COMPILER_FLAGS = "-fno-objc-arc"; }; };
		CE569D9019C92D12001961E8 /* CXMLNode_CreationExtensions.m in Sources */ = {isa = PBXBuildFile; fileRef = CE569D6C19C92D12001961E8 /* CXMLNode_CreationExtensions.m */; settings = {COMPILER_FLAGS = "-fno-objc-arc"; }; };
		CE569D9119C92D12001961E8 /* CXMLNode_PrivateExtensions.m in Sources */ = {isa = PBXBuildFile; fileRef = CE569D6E19C92D12001961E8 /* CXMLNode_PrivateExtensions.m */; settings = {COMPILER_FLAGS = "-fno-objc-arc"; }; };
		CE569D9219C92D12001961E8 /* CXMLNode_XPathExtensions.m in Sources */ = {isa = PBXBuildFile; fileRef = CE569D7019C92D12001961E8 /* CXMLNode_XPathExtensions.m */; settings = {COMPILER_FLAGS = "-fno-objc-arc"; }; };
		CE569D9519C92D1E001961E8 /* ido_log.m in Sources */ = {isa = PBXBuildFile; fileRef = CE569D9419C92D1E001961E8 /* ido_log.m */; };
		CE569D9919C92D27001961E8 /* OpenUDID.m in Sources */ = {isa = PBXBuildFile; fileRef = CE569D9819C92D27001961E8 /* OpenUDID.m */; settings = {COMPILER_FLAGS = "-fno-objc-arc"; }; };
		CE569DA119C92D36001961E8 /* DefaultConfigure.xml in Resources */ = {isa = PBXBuildFile; fileRef = CE569D9C19C92D36001961E8 /* DefaultConfigure.xml */; };
		CE569DA219C92D36001961E8 /* DZ_UIDevice_IOKit_Extensions.m in Sources */ = {isa = PBXBuildFile; fileRef = CE569D9E19C92D36001961E8 /* DZ_UIDevice_IOKit_Extensions.m */; };
		CE569DA319C92D36001961E8 /* ZM_SystemSetting.m in Sources */ = {isa = PBXBuildFile; fileRef = CE569DA019C92D36001961E8 /* ZM_SystemSetting.m */; };
		CE569DA619C92DD1001961E8 /* NetworkManager.m in Sources */ = {isa = PBXBuildFile; fileRef = CE569DA519C92DD1001961E8 /* NetworkManager.m */; };
		CE569DAA19C92FCA001961E8 /* IOKit.framework in Frameworks */ = {isa = PBXBuildFile; fileRef = CE569DA919C92FCA001961E8 /* IOKit.framework */; };
		CE569DAC19C92FD6001961E8 /* libxml2.dylib in Frameworks */ = {isa = PBXBuildFile; fileRef = CE569DAB19C92FD6001961E8 /* libxml2.dylib */; };
		CE569DB419C9371A001961E8 /* libMobClickLibrary.a in Frameworks */ = {isa = PBXBuildFile; fileRef = CE569DB119C9371A001961E8 /* libMobClickLibrary.a */; };
		CE569DB619C939FC001961E8 /* libz.dylib in Frameworks */ = {isa = PBXBuildFile; fileRef = CE569DB519C939FC001961E8 /* libz.dylib */; };
		D4A0D8761607E02300AEF8BB /* Default-568h@2x~iphone.png in Resources */ = {isa = PBXBuildFile; fileRef = D4A0D8751607E02300AEF8BB /* Default-568h@2x~iphone.png */; };
		2D3F50C9507B4F3F9E84C4CC /* CDVNotification.m in Sources */ = {isa = PBXBuildFile; fileRef = ADE2E9806CB847DE9686BB0F /* CDVNotification.m */; };
		31AFEAECB3FE463B907D5CD0 /* CDVNotification.bundle in Resources */ = {isa = PBXBuildFile; fileRef = 0CF72135FFFB4AB386291D45 /* CDVNotification.bundle */; };
		C0E5D87497014A60A57FD743 /* AudioToolbox.framework in Frameworks */ = {isa = PBXBuildFile; fileRef = 7D1BC740870346B69A21C7BE /* AudioToolbox.framework */; settings = {ATTRIBUTES = (Weak, ); }; };
		053C81B343BB4F17A027B4EE /* CDVCamera.m in Sources */ = {isa = PBXBuildFile; fileRef = 7FD4CF09AAC546C4BB56C0D3 /* CDVCamera.m */; };
		F554193DFDBA439BBD2FDD8A /* CDVJpegHeaderWriter.m in Sources */ = {isa = PBXBuildFile; fileRef = 6D36C1B1A49340A285305C18 /* CDVJpegHeaderWriter.m */; };
		15B32922848F42F68032027D /* ImageIO.framework in Frameworks */ = {isa = PBXBuildFile; fileRef = 3E15374DA95F4FC188A0A096 /* ImageIO.framework */; settings = {ATTRIBUTES = (Weak, ); }; };
		91F697B2E7AA41DB82EBD253 /* IDOApp.m in Sources */ = {isa = PBXBuildFile; fileRef = 430BA50194324B2BAB81A9E1 /* IDOApp.m */; };
		991A6A28360247D9A0D3F537 /* CDVDevice.m in Sources */ = {isa = PBXBuildFile; fileRef = D5F7DD0D44704EFDB8DD70C4 /* CDVDevice.m */; };
/* End PBXBuildFile section */

/* Begin PBXContainerItemProxy section */
		301BF534109A57CC0062928A /* PBXContainerItemProxy */ = {
			isa = PBXContainerItemProxy;
			containerPortal = 301BF52D109A57CC0062928A /* CordovaLib.xcodeproj */;
			proxyType = 2;
			remoteGlobalIDString = D2AAC07E0554694100DB518D;
			remoteInfo = CordovaLib;
		};
		301BF550109A68C00062928A /* PBXContainerItemProxy */ = {
			isa = PBXContainerItemProxy;
			containerPortal = 301BF52D109A57CC0062928A /* CordovaLib.xcodeproj */;
			proxyType = 1;
			remoteGlobalIDString = D2AAC07D0554694100DB518D;
			remoteInfo = CordovaLib;
		};
/* End PBXContainerItemProxy section */

/* Begin PBXFileReference section */
		1D3623240D0F684500981E51 /* AppDelegate.h */ = {isa = PBXFileReference; fileEncoding = 4; lastKnownFileType = sourcecode.c.h; path = AppDelegate.h; sourceTree = "<group>"; };
		1D3623250D0F684500981E51 /* AppDelegate.m */ = {isa = PBXFileReference; fileEncoding = 4; lastKnownFileType = sourcecode.c.objc; path = AppDelegate.m; sourceTree = "<group>"; };
		1D6058910D05DD3D006BFB54 /* WP.app */ = {isa = PBXFileReference; explicitFileType = wrapper.application; includeInIndex = 0; path = WP.app; sourceTree = BUILT_PRODUCTS_DIR; };
		1F766FDD13BBADB100FB74C0 /* en */ = {isa = PBXFileReference; lastKnownFileType = text.plist.strings; name = en; path = Localizable.strings; sourceTree = "<group>"; };
		1F766FE013BBADB100FB74C0 /* es */ = {isa = PBXFileReference; lastKnownFileType = text.plist.strings; name = es; path = Localizable.strings; sourceTree = "<group>"; };
		223252A29BE94337A522A44A /* MyConfig.m */ = {isa = PBXFileReference; fileEncoding = 4; lastKnownFileType = sourcecode.c.objc; name = MyConfig.m; path = com.rockmobile.myconfig/MyConfig.m; sourceTree = "<group>"; };
		288765FC0DF74451002DB57D /* CoreGraphics.framework */ = {isa = PBXFileReference; lastKnownFileType = wrapper.framework; name = CoreGraphics.framework; path = System/Library/Frameworks/CoreGraphics.framework; sourceTree = SDKROOT; };
		29B97316FDCFA39411CA2CEA /* main.m */ = {isa = PBXFileReference; fileEncoding = 4; lastKnownFileType = sourcecode.c.objc; path = main.m; sourceTree = "<group>"; };
		301BF52D109A57CC0062928A /* CordovaLib.xcodeproj */ = {isa = PBXFileReference; lastKnownFileType = "wrapper.pb-project"; name = CordovaLib.xcodeproj; path = CordovaLib/CordovaLib.xcodeproj; sourceTree = "<group>"; };
		301BF56E109A69640062928A /* www */ = {isa = PBXFileReference; lastKnownFileType = folder; path = www; sourceTree = SOURCE_ROOT; };
		302D95EE14D2391D003F00A1 /* MainViewController.h */ = {isa = PBXFileReference; fileEncoding = 4; lastKnownFileType = sourcecode.c.h; path = MainViewController.h; sourceTree = "<group>"; };
		302D95EF14D2391D003F00A1 /* MainViewController.m */ = {isa = PBXFileReference; fileEncoding = 4; lastKnownFileType = sourcecode.c.objc; path = MainViewController.m; sourceTree = "<group>"; };
		302D95F014D2391D003F00A1 /* MainViewController.xib */ = {isa = PBXFileReference; fileEncoding = 4; lastKnownFileType = file.xib; path = MainViewController.xib; sourceTree = "<group>"; };
		305D5FD0115AB8F900A74A75 /* MobileCoreServices.framework */ = {isa = PBXFileReference; lastKnownFileType = wrapper.framework; name = MobileCoreServices.framework; path = System/Library/Frameworks/MobileCoreServices.framework; sourceTree = SDKROOT; };
		3088BBB7154F3926009F9C59 /* Default-Landscape@2x~ipad.png */ = {isa = PBXFileReference; lastKnownFileType = image.png; path = "Default-Landscape@2x~ipad.png"; sourceTree = "<group>"; };
		3088BBB8154F3926009F9C59 /* Default-Landscape~ipad.png */ = {isa = PBXFileReference; lastKnownFileType = image.png; path = "Default-Landscape~ipad.png"; sourceTree = "<group>"; };
		3088BBB9154F3926009F9C59 /* Default-Portrait@2x~ipad.png */ = {isa = PBXFileReference; lastKnownFileType = image.png; path = "Default-Portrait@2x~ipad.png"; sourceTree = "<group>"; };
		3088BBBA154F3926009F9C59 /* Default-Portrait~ipad.png */ = {isa = PBXFileReference; lastKnownFileType = image.png; path = "Default-Portrait~ipad.png"; sourceTree = "<group>"; };
		3088BBBB154F3926009F9C59 /* Default@2x~iphone.png */ = {isa = PBXFileReference; lastKnownFileType = image.png; path = "Default@2x~iphone.png"; sourceTree = "<group>"; };
		3088BBBC154F3926009F9C59 /* Default~iphone.png */ = {isa = PBXFileReference; lastKnownFileType = image.png; path = "Default~iphone.png"; sourceTree = "<group>"; };
		308D052E1370CCF300D202BF /* icon-72.png */ = {isa = PBXFileReference; lastKnownFileType = image.png; path = "icon-72.png"; sourceTree = "<group>"; };
		308D052F1370CCF300D202BF /* icon.png */ = {isa = PBXFileReference; lastKnownFileType = image.png; path = icon.png; sourceTree = "<group>"; };
		308D05301370CCF300D202BF /* icon@2x.png */ = {isa = PBXFileReference; lastKnownFileType = image.png; path = "icon@2x.png"; sourceTree = "<group>"; };
		30A0434414DC770100060A13 /* de */ = {isa = PBXFileReference; lastKnownFileType = text.plist.strings; name = de; path = Localizable.strings; sourceTree = "<group>"; };
		30A0434714DC770100060A13 /* se */ = {isa = PBXFileReference; lastKnownFileType = text.plist.strings; name = se; path = Localizable.strings; sourceTree = "<group>"; };
		30FC414816E50CA1004E6F35 /* icon-72@2x.png */ = {isa = PBXFileReference; lastKnownFileType = image.png; path = "icon-72@2x.png"; sourceTree = "<group>"; };
		32CA4F630368D1EE00C91783 /* WP-Prefix.pch */ = {isa = PBXFileReference; fileEncoding = 4; lastKnownFileType = sourcecode.c.h; path = "WP-Prefix.pch"; sourceTree = "<group>"; };
		561712DA839F44B19CEB78D5 /* MyConfig.h */ = {isa = PBXFileReference; fileEncoding = 4; lastKnownFileType = sourcecode.c.h; name = MyConfig.h; path = com.rockmobile.myconfig/MyConfig.h; sourceTree = "<group>"; };
		5AEE5B34173C68D80009041E /* CoreLocation.framework */ = {isa = PBXFileReference; lastKnownFileType = wrapper.framework; name = CoreLocation.framework; path = System/Library/Frameworks/CoreLocation.framework; sourceTree = SDKROOT; };
		5B1594DC16A7569C00FEF299 /* AssetsLibrary.framework */ = {isa = PBXFileReference; lastKnownFileType = wrapper.framework; name = AssetsLibrary.framework; path = System/Library/Frameworks/AssetsLibrary.framework; sourceTree = SDKROOT; };
		7E7966D41810823500FA85AD /* icon-40.png */ = {isa = PBXFileReference; lastKnownFileType = image.png; path = "icon-40.png"; sourceTree = "<group>"; };
		7E7966D51810823500FA85AD /* icon-40@2x.png */ = {isa = PBXFileReference; lastKnownFileType = image.png; path = "icon-40@2x.png"; sourceTree = "<group>"; };
		7E7966D61810823500FA85AD /* icon-50.png */ = {isa = PBXFileReference; lastKnownFileType = image.png; path = "icon-50.png"; sourceTree = "<group>"; };
		7E7966D71810823500FA85AD /* icon-50@2x.png */ = {isa = PBXFileReference; lastKnownFileType = image.png; path = "icon-50@2x.png"; sourceTree = "<group>"; };
		7E7966D81810823500FA85AD /* icon-60.png */ = {isa = PBXFileReference; lastKnownFileType = image.png; path = "icon-60.png"; sourceTree = "<group>"; };
		7E7966D91810823500FA85AD /* icon-60@2x.png */ = {isa = PBXFileReference; lastKnownFileType = image.png; path = "icon-60@2x.png"; sourceTree = "<group>"; };
		7E7966DA1810823500FA85AD /* icon-76.png */ = {isa = PBXFileReference; lastKnownFileType = image.png; path = "icon-76.png"; sourceTree = "<group>"; };
		7E7966DB1810823500FA85AD /* icon-76@2x.png */ = {isa = PBXFileReference; lastKnownFileType = image.png; path = "icon-76@2x.png"; sourceTree = "<group>"; };
		7E7966DC1810823500FA85AD /* icon-small.png */ = {isa = PBXFileReference; lastKnownFileType = image.png; path = "icon-small.png"; sourceTree = "<group>"; };
		7E7966DD1810823500FA85AD /* icon-small@2x.png */ = {isa = PBXFileReference; lastKnownFileType = image.png; path = "icon-small@2x.png"; sourceTree = "<group>"; };
		8D1107310486CEB800E47090 /* WP-Info.plist */ = {isa = PBXFileReference; fileEncoding = 4; lastKnownFileType = text.plist.xml; name = "WP-Info.plist"; path = "../WP-Info.plist"; plistStructureDefinitionIdentifier = "com.apple.xcode.plist.structure-definition.iphone.info-plist"; sourceTree = "<group>"; };
		CE569D2619C92D12001961E8 /* Bee_Cache.h */ = {isa = PBXFileReference; fileEncoding = 4; lastKnownFileType = sourcecode.c.h; path = Bee_Cache.h; sourceTree = "<group>"; };
		CE569D2719C92D12001961E8 /* Bee_Cache.mm */ = {isa = PBXFileReference; fileEncoding = 4; lastKnownFileType = sourcecode.cpp.objcpp; path = Bee_Cache.mm; sourceTree = "<group>"; };
		CE569D2819C92D12001961E8 /* Bee_CacheProtocol.h */ = {isa = PBXFileReference; fileEncoding = 4; lastKnownFileType = sourcecode.c.h; path = Bee_CacheProtocol.h; sourceTree = "<group>"; };
		CE569D2919C92D12001961E8 /* Bee_CacheProtocol.mm */ = {isa = PBXFileReference; fileEncoding = 4; lastKnownFileType = sourcecode.cpp.objcpp; path = Bee_CacheProtocol.mm; sourceTree = "<group>"; };
		CE569D2A19C92D12001961E8 /* Bee_FileCache.h */ = {isa = PBXFileReference; fileEncoding = 4; lastKnownFileType = sourcecode.c.h; path = Bee_FileCache.h; sourceTree = "<group>"; };
		CE569D2B19C92D12001961E8 /* Bee_FileCache.mm */ = {isa = PBXFileReference; fileEncoding = 4; lastKnownFileType = sourcecode.cpp.objcpp; path = Bee_FileCache.mm; sourceTree = "<group>"; };
		CE569D2C19C92D12001961E8 /* Bee_Foundation.h */ = {isa = PBXFileReference; fileEncoding = 4; lastKnownFileType = sourcecode.c.h; path = Bee_Foundation.h; sourceTree = "<group>"; };
		CE569D2D19C92D12001961E8 /* Bee_MemoryCache.h */ = {isa = PBXFileReference; fileEncoding = 4; lastKnownFileType = sourcecode.c.h; path = Bee_MemoryCache.h; sourceTree = "<group>"; };
		CE569D2E19C92D12001961E8 /* Bee_MemoryCache.mm */ = {isa = PBXFileReference; fileEncoding = 4; lastKnownFileType = sourcecode.cpp.objcpp; path = Bee_MemoryCache.mm; sourceTree = "<group>"; };
		CE569D2F19C92D12001961E8 /* Bee_Package.h */ = {isa = PBXFileReference; fileEncoding = 4; lastKnownFileType = sourcecode.c.h; path = Bee_Package.h; sourceTree = "<group>"; };
		CE569D3019C92D12001961E8 /* Bee_Precompile.h */ = {isa = PBXFileReference; fileEncoding = 4; lastKnownFileType = sourcecode.c.h; path = Bee_Precompile.h; sourceTree = "<group>"; };
		CE569D3119C92D12001961E8 /* Bee_Runtime.h */ = {isa = PBXFileReference; fileEncoding = 4; lastKnownFileType = sourcecode.c.h; path = Bee_Runtime.h; sourceTree = "<group>"; };
		CE569D3219C92D12001961E8 /* Bee_Runtime.mm */ = {isa = PBXFileReference; fileEncoding = 4; lastKnownFileType = sourcecode.cpp.objcpp; path = Bee_Runtime.mm; sourceTree = "<group>"; };
		CE569D3319C92D12001961E8 /* Bee_Sandbox.h */ = {isa = PBXFileReference; fileEncoding = 4; lastKnownFileType = sourcecode.c.h; path = Bee_Sandbox.h; sourceTree = "<group>"; };
		CE569D3419C92D12001961E8 /* Bee_Sandbox.mm */ = {isa = PBXFileReference; fileEncoding = 4; lastKnownFileType = sourcecode.cpp.objcpp; path = Bee_Sandbox.mm; sourceTree = "<group>"; };
		CE569D3519C92D12001961E8 /* Bee_Singleton.h */ = {isa = PBXFileReference; fileEncoding = 4; lastKnownFileType = sourcecode.c.h; path = Bee_Singleton.h; sourceTree = "<group>"; };
		CE569D3619C92D12001961E8 /* Bee_SystemInfo.h */ = {isa = PBXFileReference; fileEncoding = 4; lastKnownFileType = sourcecode.c.h; path = Bee_SystemInfo.h; sourceTree = "<group>"; };
		CE569D3719C92D12001961E8 /* Bee_SystemInfo.mm */ = {isa = PBXFileReference; fileEncoding = 4; lastKnownFileType = sourcecode.cpp.objcpp; path = Bee_SystemInfo.mm; sourceTree = "<group>"; };
		CE569D3819C92D12001961E8 /* Bee_UserDefaults.h */ = {isa = PBXFileReference; fileEncoding = 4; lastKnownFileType = sourcecode.c.h; path = Bee_UserDefaults.h; sourceTree = "<group>"; };
		CE569D3919C92D12001961E8 /* Bee_UserDefaults.mm */ = {isa = PBXFileReference; fileEncoding = 4; lastKnownFileType = sourcecode.cpp.objcpp; path = Bee_UserDefaults.mm; sourceTree = "<group>"; };
		CE569D3B19C92D12001961E8 /* NSObject+BeeUserDefaults.h */ = {isa = PBXFileReference; fileEncoding = 4; lastKnownFileType = sourcecode.c.h; path = "NSObject+BeeUserDefaults.h"; sourceTree = "<group>"; };
		CE569D3C19C92D12001961E8 /* NSObject+BeeUserDefaults.mm */ = {isa = PBXFileReference; fileEncoding = 4; lastKnownFileType = sourcecode.cpp.objcpp; path = "NSObject+BeeUserDefaults.mm"; sourceTree = "<group>"; };
		CE569D3D19C92D12001961E8 /* NSArray+BeeExtension.h */ = {isa = PBXFileReference; fileEncoding = 4; lastKnownFileType = sourcecode.c.h; path = "NSArray+BeeExtension.h"; sourceTree = "<group>"; };
		CE569D3E19C92D12001961E8 /* NSArray+BeeExtension.mm */ = {isa = PBXFileReference; fileEncoding = 4; lastKnownFileType = sourcecode.cpp.objcpp; path = "NSArray+BeeExtension.mm"; sourceTree = "<group>"; };
		CE569D3F19C92D12001961E8 /* NSBundle+BeeExtension.h */ = {isa = PBXFileReference; fileEncoding = 4; lastKnownFileType = sourcecode.c.h; path = "NSBundle+BeeExtension.h"; sourceTree = "<group>"; };
		CE569D4019C92D12001961E8 /* NSBundle+BeeExtension.m */ = {isa = PBXFileReference; fileEncoding = 4; lastKnownFileType = sourcecode.c.objc; path = "NSBundle+BeeExtension.m"; sourceTree = "<group>"; };
		CE569D4119C92D12001961E8 /* NSData+BeeExtension.h */ = {isa = PBXFileReference; fileEncoding = 4; lastKnownFileType = sourcecode.c.h; path = "NSData+BeeExtension.h"; sourceTree = "<group>"; };
		CE569D4219C92D12001961E8 /* NSData+BeeExtension.mm */ = {isa = PBXFileReference; fileEncoding = 4; lastKnownFileType = sourcecode.cpp.objcpp; path = "NSData+BeeExtension.mm"; sourceTree = "<group>"; };
		CE569D4319C92D12001961E8 /* NSDate+BeeExtension.h */ = {isa = PBXFileReference; fileEncoding = 4; lastKnownFileType = sourcecode.c.h; path = "NSDate+BeeExtension.h"; sourceTree = "<group>"; };
		CE569D4419C92D12001961E8 /* NSDate+BeeExtension.mm */ = {isa = PBXFileReference; fileEncoding = 4; lastKnownFileType = sourcecode.cpp.objcpp; path = "NSDate+BeeExtension.mm"; sourceTree = "<group>"; };
		CE569D4519C92D12001961E8 /* NSDictionary+BeeExtension.h */ = {isa = PBXFileReference; fileEncoding = 4; lastKnownFileType = sourcecode.c.h; path = "NSDictionary+BeeExtension.h"; sourceTree = "<group>"; };
		CE569D4619C92D12001961E8 /* NSDictionary+BeeExtension.mm */ = {isa = PBXFileReference; fileEncoding = 4; lastKnownFileType = sourcecode.cpp.objcpp; path = "NSDictionary+BeeExtension.mm"; sourceTree = "<group>"; };
		CE569D4719C92D12001961E8 /* NSNumber+BeeExtension.h */ = {isa = PBXFileReference; fileEncoding = 4; lastKnownFileType = sourcecode.c.h; path = "NSNumber+BeeExtension.h"; sourceTree = "<group>"; };
		CE569D4819C92D12001961E8 /* NSNumber+BeeExtension.mm */ = {isa = PBXFileReference; fileEncoding = 4; lastKnownFileType = sourcecode.cpp.objcpp; path = "NSNumber+BeeExtension.mm"; sourceTree = "<group>"; };
		CE569D4919C92D12001961E8 /* NSObject+BeeJSON.h */ = {isa = PBXFileReference; fileEncoding = 4; lastKnownFileType = sourcecode.c.h; path = "NSObject+BeeJSON.h"; sourceTree = "<group>"; };
		CE569D4A19C92D12001961E8 /* NSObject+BeeJSON.mm */ = {isa = PBXFileReference; fileEncoding = 4; lastKnownFileType = sourcecode.cpp.objcpp; path = "NSObject+BeeJSON.mm"; sourceTree = "<group>"; };
		CE569D4B19C92D12001961E8 /* NSObject+BeeProperty.h */ = {isa = PBXFileReference; fileEncoding = 4; lastKnownFileType = sourcecode.c.h; path = "NSObject+BeeProperty.h"; sourceTree = "<group>"; };
		CE569D4C19C92D12001961E8 /* NSObject+BeeTypeConversion.h */ = {isa = PBXFileReference; fileEncoding = 4; lastKnownFileType = sourcecode.c.h; path = "NSObject+BeeTypeConversion.h"; sourceTree = "<group>"; };
		CE569D4D19C92D12001961E8 /* NSObject+BeeTypeConversion.mm */ = {isa = PBXFileReference; fileEncoding = 4; lastKnownFileType = sourcecode.cpp.objcpp; path = "NSObject+BeeTypeConversion.mm"; sourceTree = "<group>"; };
		CE569D4E19C92D12001961E8 /* NSString+BeeExtension.h */ = {isa = PBXFileReference; fileEncoding = 4; lastKnownFileType = sourcecode.c.h; path = "NSString+BeeExtension.h"; sourceTree = "<group>"; };
		CE569D4F19C92D12001961E8 /* NSString+BeeExtension.mm */ = {isa = PBXFileReference; fileEncoding = 4; lastKnownFileType = sourcecode.cpp.objcpp; path = "NSString+BeeExtension.mm"; sourceTree = "<group>"; };
		CE569D5119C92D12001961E8 /* JSONKit.h */ = {isa = PBXFileReference; fileEncoding = 4; lastKnownFileType = sourcecode.c.h; path = JSONKit.h; sourceTree = "<group>"; };
		CE569D5219C92D12001961E8 /* JSONKit.m */ = {isa = PBXFileReference; fileEncoding = 4; lastKnownFileType = sourcecode.c.objc; path = JSONKit.m; sourceTree = "<group>"; };
		CE569D5419C92D12001961E8 /* MBProgressHUD.h */ = {isa = PBXFileReference; fileEncoding = 4; lastKnownFileType = sourcecode.c.h; path = MBProgressHUD.h; sourceTree = "<group>"; };
		CE569D5519C92D12001961E8 /* MBProgressHUD.m */ = {isa = PBXFileReference; fileEncoding = 4; lastKnownFileType = sourcecode.c.objc; path = MBProgressHUD.m; sourceTree = "<group>"; };
		CE569D5719C92D12001961E8 /* CTidy.h */ = {isa = PBXFileReference; fileEncoding = 4; lastKnownFileType = sourcecode.c.h; path = CTidy.h; sourceTree = "<group>"; };
		CE569D5819C92D12001961E8 /* CTidy.m */ = {isa = PBXFileReference; fileEncoding = 4; lastKnownFileType = sourcecode.c.objc; path = CTidy.m; sourceTree = "<group>"; };
		CE569D5919C92D12001961E8 /* CXHTMLDocument.h */ = {isa = PBXFileReference; fileEncoding = 4; lastKnownFileType = sourcecode.c.h; path = CXHTMLDocument.h; sourceTree = "<group>"; };
		CE569D5A19C92D12001961E8 /* CXHTMLDocument.m */ = {isa = PBXFileReference; fileEncoding = 4; lastKnownFileType = sourcecode.c.objc; path = CXHTMLDocument.m; sourceTree = "<group>"; };
		CE569D5B19C92D12001961E8 /* CXMLDocument.h */ = {isa = PBXFileReference; fileEncoding = 4; lastKnownFileType = sourcecode.c.h; path = CXMLDocument.h; sourceTree = "<group>"; };
		CE569D5C19C92D12001961E8 /* CXMLDocument.m */ = {isa = PBXFileReference; fileEncoding = 4; lastKnownFileType = sourcecode.c.objc; path = CXMLDocument.m; sourceTree = "<group>"; };
		CE569D5D19C92D12001961E8 /* CXMLDocument_CreationExtensions.h */ = {isa = PBXFileReference; fileEncoding = 4; lastKnownFileType = sourcecode.c.h; path = CXMLDocument_CreationExtensions.h; sourceTree = "<group>"; };
		CE569D5E19C92D12001961E8 /* CXMLDocument_CreationExtensions.m */ = {isa = PBXFileReference; fileEncoding = 4; lastKnownFileType = sourcecode.c.objc; path = CXMLDocument_CreationExtensions.m; sourceTree = "<group>"; };
		CE569D5F19C92D12001961E8 /* CXMLDocument_PrivateExtensions.h */ = {isa = PBXFileReference; fileEncoding = 4; lastKnownFileType = sourcecode.c.h; path = CXMLDocument_PrivateExtensions.h; sourceTree = "<group>"; };
		CE569D6019C92D12001961E8 /* CXMLDocument_PrivateExtensions.m */ = {isa = PBXFileReference; fileEncoding = 4; lastKnownFileType = sourcecode.c.objc; path = CXMLDocument_PrivateExtensions.m; sourceTree = "<group>"; };
		CE569D6119C92D12001961E8 /* CXMLElement.h */ = {isa = PBXFileReference; fileEncoding = 4; lastKnownFileType = sourcecode.c.h; path = CXMLElement.h; sourceTree = "<group>"; };
		CE569D6219C92D12001961E8 /* CXMLElement.m */ = {isa = PBXFileReference; fileEncoding = 4; lastKnownFileType = sourcecode.c.objc; path = CXMLElement.m; sourceTree = "<group>"; };
		CE569D6319C92D12001961E8 /* CXMLElement_CreationExtensions.h */ = {isa = PBXFileReference; fileEncoding = 4; lastKnownFileType = sourcecode.c.h; path = CXMLElement_CreationExtensions.h; sourceTree = "<group>"; };
		CE569D6419C92D12001961E8 /* CXMLElement_CreationExtensions.m */ = {isa = PBXFileReference; fileEncoding = 4; lastKnownFileType = sourcecode.c.objc; path = CXMLElement_CreationExtensions.m; sourceTree = "<group>"; };
		CE569D6519C92D12001961E8 /* CXMLElement_ElementTreeExtensions.h */ = {isa = PBXFileReference; fileEncoding = 4; lastKnownFileType = sourcecode.c.h; path = CXMLElement_ElementTreeExtensions.h; sourceTree = "<group>"; };
		CE569D6619C92D12001961E8 /* CXMLElement_ElementTreeExtensions.m */ = {isa = PBXFileReference; fileEncoding = 4; lastKnownFileType = sourcecode.c.objc; path = CXMLElement_ElementTreeExtensions.m; sourceTree = "<group>"; };
		CE569D6719C92D12001961E8 /* CXMLNamespaceNode.h */ = {isa = PBXFileReference; fileEncoding = 4; lastKnownFileType = sourcecode.c.h; path = CXMLNamespaceNode.h; sourceTree = "<group>"; };
		CE569D6819C92D12001961E8 /* CXMLNamespaceNode.m */ = {isa = PBXFileReference; fileEncoding = 4; lastKnownFileType = sourcecode.c.objc; path = CXMLNamespaceNode.m; sourceTree = "<group>"; };
		CE569D6919C92D12001961E8 /* CXMLNode.h */ = {isa = PBXFileReference; fileEncoding = 4; lastKnownFileType = sourcecode.c.h; path = CXMLNode.h; sourceTree = "<group>"; };
		CE569D6A19C92D12001961E8 /* CXMLNode.m */ = {isa = PBXFileReference; fileEncoding = 4; lastKnownFileType = sourcecode.c.objc; path = CXMLNode.m; sourceTree = "<group>"; };
		CE569D6B19C92D12001961E8 /* CXMLNode_CreationExtensions.h */ = {isa = PBXFileReference; fileEncoding = 4; lastKnownFileType = sourcecode.c.h; path = CXMLNode_CreationExtensions.h; sourceTree = "<group>"; };
		CE569D6C19C92D12001961E8 /* CXMLNode_CreationExtensions.m */ = {isa = PBXFileReference; fileEncoding = 4; lastKnownFileType = sourcecode.c.objc; path = CXMLNode_CreationExtensions.m; sourceTree = "<group>"; };
		CE569D6D19C92D12001961E8 /* CXMLNode_PrivateExtensions.h */ = {isa = PBXFileReference; fileEncoding = 4; lastKnownFileType = sourcecode.c.h; path = CXMLNode_PrivateExtensions.h; sourceTree = "<group>"; };
		CE569D6E19C92D12001961E8 /* CXMLNode_PrivateExtensions.m */ = {isa = PBXFileReference; fileEncoding = 4; lastKnownFileType = sourcecode.c.objc; path = CXMLNode_PrivateExtensions.m; sourceTree = "<group>"; };
		CE569D6F19C92D12001961E8 /* CXMLNode_XPathExtensions.h */ = {isa = PBXFileReference; fileEncoding = 4; lastKnownFileType = sourcecode.c.h; path = CXMLNode_XPathExtensions.h; sourceTree = "<group>"; };
		CE569D7019C92D12001961E8 /* CXMLNode_XPathExtensions.m */ = {isa = PBXFileReference; fileEncoding = 4; lastKnownFileType = sourcecode.c.objc; path = CXMLNode_XPathExtensions.m; sourceTree = "<group>"; };
		CE569D7119C92D12001961E8 /* TouchXML.h */ = {isa = PBXFileReference; fileEncoding = 4; lastKnownFileType = sourcecode.c.h; path = TouchXML.h; sourceTree = "<group>"; };
		CE569D9319C92D1E001961E8 /* ido_log.h */ = {isa = PBXFileReference; fileEncoding = 4; lastKnownFileType = sourcecode.c.h; path = ido_log.h; sourceTree = "<group>"; };
		CE569D9419C92D1E001961E8 /* ido_log.m */ = {isa = PBXFileReference; fileEncoding = 4; lastKnownFileType = sourcecode.c.objc; path = ido_log.m; sourceTree = "<group>"; };
		CE569D9719C92D27001961E8 /* OpenUDID.h */ = {isa = PBXFileReference; fileEncoding = 4; lastKnownFileType = sourcecode.c.h; path = OpenUDID.h; sourceTree = "<group>"; };
		CE569D9819C92D27001961E8 /* OpenUDID.m */ = {isa = PBXFileReference; fileEncoding = 4; lastKnownFileType = sourcecode.c.objc; path = OpenUDID.m; sourceTree = "<group>"; };
		CE569D9B19C92D36001961E8 /* Constants.h */ = {isa = PBXFileReference; fileEncoding = 4; lastKnownFileType = sourcecode.c.h; path = Constants.h; sourceTree = "<group>"; };
		CE569D9C19C92D36001961E8 /* DefaultConfigure.xml */ = {isa = PBXFileReference; fileEncoding = 4; lastKnownFileType = text.xml; path = DefaultConfigure.xml; sourceTree = "<group>"; };
		CE569D9D19C92D36001961E8 /* DZ_UIDevice_IOKit_Extensions.h */ = {isa = PBXFileReference; fileEncoding = 4; lastKnownFileType = sourcecode.c.h; path = DZ_UIDevice_IOKit_Extensions.h; sourceTree = "<group>"; };
		CE569D9E19C92D36001961E8 /* DZ_UIDevice_IOKit_Extensions.m */ = {isa = PBXFileReference; fileEncoding = 4; lastKnownFileType = sourcecode.c.objc; path = DZ_UIDevice_IOKit_Extensions.m; sourceTree = "<group>"; };
		CE569D9F19C92D36001961E8 /* ZM_SystemSetting.h */ = {isa = PBXFileReference; fileEncoding = 4; lastKnownFileType = sourcecode.c.h; path = ZM_SystemSetting.h; sourceTree = "<group>"; };
		CE569DA019C92D36001961E8 /* ZM_SystemSetting.m */ = {isa = PBXFileReference; fileEncoding = 4; lastKnownFileType = sourcecode.c.objc; path = ZM_SystemSetting.m; sourceTree = "<group>"; };
		CE569DA419C92DD1001961E8 /* NetworkManager.h */ = {isa = PBXFileReference; fileEncoding = 4; lastKnownFileType = sourcecode.c.h; path = NetworkManager.h; sourceTree = "<group>"; };
		CE569DA519C92DD1001961E8 /* NetworkManager.m */ = {isa = PBXFileReference; fileEncoding = 4; lastKnownFileType = sourcecode.c.objc; path = NetworkManager.m; sourceTree = "<group>"; };
		CE569DA919C92FCA001961E8 /* IOKit.framework */ = {isa = PBXFileReference; lastKnownFileType = wrapper.framework; path = IOKit.framework; sourceTree = "<group>"; };
		CE569DAB19C92FD6001961E8 /* libxml2.dylib */ = {isa = PBXFileReference; lastKnownFileType = "compiled.mach-o.dylib"; name = libxml2.dylib; path = usr/lib/libxml2.dylib; sourceTree = SDKROOT; };
		CE569DB119C9371A001961E8 /* libMobClickLibrary.a */ = {isa = PBXFileReference; lastKnownFileType = archive.ar; path = libMobClickLibrary.a; sourceTree = "<group>"; };
		CE569DB219C9371A001961E8 /* MobClick.h */ = {isa = PBXFileReference; fileEncoding = 4; lastKnownFileType = sourcecode.c.h; path = MobClick.h; sourceTree = "<group>"; };
		CE569DB319C9371A001961E8 /* MobClickSocialAnalytics.h */ = {isa = PBXFileReference; fileEncoding = 4; lastKnownFileType = sourcecode.c.h; path = MobClickSocialAnalytics.h; sourceTree = "<group>"; };
		CE569DB519C939FC001961E8 /* libz.dylib */ = {isa = PBXFileReference; lastKnownFileType = "compiled.mach-o.dylib"; name = libz.dylib; path = usr/lib/libz.dylib; sourceTree = SDKROOT; };
		D4A0D8751607E02300AEF8BB /* Default-568h@2x~iphone.png */ = {isa = PBXFileReference; lastKnownFileType = image.png; path = "Default-568h@2x~iphone.png"; sourceTree = "<group>"; };
		EB87FDF21871DA7A0020F90C /* merges */ = {isa = PBXFileReference; lastKnownFileType = folder; name = merges; path = ../../merges; sourceTree = "<group>"; };
		EB87FDF31871DA8E0020F90C /* www */ = {isa = PBXFileReference; lastKnownFileType = folder; name = www; path = ../../www; sourceTree = "<group>"; };
		EB87FDF41871DAF40020F90C /* config.xml */ = {isa = PBXFileReference; lastKnownFileType = text.xml; name = config.xml; path = ../../config.xml; sourceTree = "<group>"; };
		F840E1F0165FE0F500CFE078 /* config.xml */ = {isa = PBXFileReference; lastKnownFileType = text.xml; name = config.xml; path = WP/config.xml; sourceTree = "<group>"; };
		ADE2E9806CB847DE9686BB0F /* CDVNotification.m */ = {isa = PBXFileReference; lastKnownFileType = sourcecode.c.objc; name = "CDVNotification.m"; path = "org.apache.cordova.dialogs/CDVNotification.m"; sourceTree = "<group>"; fileEncoding = 4; };
		5F1E1EFB926C4A219EDDBC22 /* CDVNotification.h */ = {isa = PBXFileReference; lastKnownFileType = sourcecode.c.h; name = "CDVNotification.h"; path = "org.apache.cordova.dialogs/CDVNotification.h"; sourceTree = "<group>"; fileEncoding = 4; };
		0CF72135FFFB4AB386291D45 /* CDVNotification.bundle */ = {isa = PBXFileReference; lastKnownFileType = "wrapper.plug-in"; name = "CDVNotification.bundle"; path = "CDVNotification.bundle"; sourceTree = "<group>"; };
		7D1BC740870346B69A21C7BE /* AudioToolbox.framework */ = {isa = PBXFileReference; lastKnownFileType = wrapper.framework; name = "AudioToolbox.framework"; path = "System/Library/Frameworks/AudioToolbox.framework"; sourceTree = SDKROOT; fileEncoding = 4; };
		7FD4CF09AAC546C4BB56C0D3 /* CDVCamera.m */ = {isa = PBXFileReference; lastKnownFileType = sourcecode.c.objc; name = "CDVCamera.m"; path = "org.apache.cordova.camera/CDVCamera.m"; sourceTree = "<group>"; fileEncoding = 4; };
		6D36C1B1A49340A285305C18 /* CDVJpegHeaderWriter.m */ = {isa = PBXFileReference; lastKnownFileType = sourcecode.c.objc; name = "CDVJpegHeaderWriter.m"; path = "org.apache.cordova.camera/CDVJpegHeaderWriter.m"; sourceTree = "<group>"; fileEncoding = 4; };
		485F9F3906AC493EBAF6DAA6 /* CDVCamera.h */ = {isa = PBXFileReference; lastKnownFileType = sourcecode.c.h; name = "CDVCamera.h"; path = "org.apache.cordova.camera/CDVCamera.h"; sourceTree = "<group>"; fileEncoding = 4; };
		4B7F7E7B41FB4923AE56451E /* CDVJpegHeaderWriter.h */ = {isa = PBXFileReference; lastKnownFileType = sourcecode.c.h; name = "CDVJpegHeaderWriter.h"; path = "org.apache.cordova.camera/CDVJpegHeaderWriter.h"; sourceTree = "<group>"; fileEncoding = 4; };
		B35AEDA03D5F453F8A3BDFC7 /* CDVExif.h */ = {isa = PBXFileReference; lastKnownFileType = sourcecode.c.h; name = "CDVExif.h"; path = "org.apache.cordova.camera/CDVExif.h"; sourceTree = "<group>"; fileEncoding = 4; };
		3E15374DA95F4FC188A0A096 /* ImageIO.framework */ = {isa = PBXFileReference; lastKnownFileType = wrapper.framework; name = "ImageIO.framework"; path = "System/Library/Frameworks/ImageIO.framework"; sourceTree = SDKROOT; fileEncoding = 4; };
		430BA50194324B2BAB81A9E1 /* IDOApp.m */ = {isa = PBXFileReference; lastKnownFileType = sourcecode.c.objc; name = "IDOApp.m"; path = "com.rockmobile.idoapp/IDOApp.m"; sourceTree = "<group>"; fileEncoding = 4; };
		66D65EE71BA147EBB2F52757 /* IDOApp.h */ = {isa = PBXFileReference; lastKnownFileType = sourcecode.c.h; name = "IDOApp.h"; path = "com.rockmobile.idoapp/IDOApp.h"; sourceTree = "<group>"; fileEncoding = 4; };
		D5F7DD0D44704EFDB8DD70C4 /* CDVDevice.m */ = {isa = PBXFileReference; lastKnownFileType = sourcecode.c.objc; name = "CDVDevice.m"; path = "org.apache.cordova.device/CDVDevice.m"; sourceTree = "<group>"; fileEncoding = 4; };
		AAB0535FAED945389BF41507 /* CDVDevice.h */ = {isa = PBXFileReference; lastKnownFileType = sourcecode.c.h; name = "CDVDevice.h"; path = "org.apache.cordova.device/CDVDevice.h"; sourceTree = "<group>"; fileEncoding = 4; };
/* End PBXFileReference section */

/* Begin PBXFrameworksBuildPhase section */
		1D60588F0D05DD3D006BFB54 /* Frameworks */ = {
			isa = PBXFrameworksBuildPhase;
			buildActionMask = 2147483647;
			files = (
				CE569DB619C939FC001961E8 /* libz.dylib in Frameworks */,
				CE569DAC19C92FD6001961E8 /* libxml2.dylib in Frameworks */,
				5B1594DD16A7569C00FEF299 /* AssetsLibrary.framework in Frameworks */,
				301BF552109A68D80062928A /* libCordova.a in Frameworks */,
				CE569DB419C9371A001961E8 /* libMobClickLibrary.a in Frameworks */,
				288765FD0DF74451002DB57D /* CoreGraphics.framework in Frameworks */,
				305D5FD1115AB8F900A74A75 /* MobileCoreServices.framework in Frameworks */,
				5AEE5B35173C68D80009041E /* CoreLocation.framework in Frameworks */,
				CE569DAA19C92FCA001961E8 /* IOKit.framework in Frameworks */,
				C0E5D87497014A60A57FD743 /* AudioToolbox.framework in Frameworks */,
				15B32922848F42F68032027D /* ImageIO.framework in Frameworks */,
			);
			runOnlyForDeploymentPostprocessing = 0;
		};
/* End PBXFrameworksBuildPhase section */

/* Begin PBXGroup section */
		080E96DDFE201D6D7F000001 /* Classes */ = {
			isa = PBXGroup;
			children = (
				CE569DB019C9371A001961E8 /* UMAnalytics_Sdk_3.1.2 */,
				CE569D9A19C92D36001961E8 /* Setting */,
				CE569D9619C92D27001961E8 /* OpenUDID */,
				CE569D2419C92D12001961E8 /* 3rdParty */,
				302D95EE14D2391D003F00A1 /* MainViewController.h */,
				302D95EF14D2391D003F00A1 /* MainViewController.m */,
				302D95F014D2391D003F00A1 /* MainViewController.xib */,
				1D3623240D0F684500981E51 /* AppDelegate.h */,
				1D3623250D0F684500981E51 /* AppDelegate.m */,
				CE569D9319C92D1E001961E8 /* ido_log.h */,
				CE569D9419C92D1E001961E8 /* ido_log.m */,
				CE569DA419C92DD1001961E8 /* NetworkManager.h */,
				CE569DA519C92DD1001961E8 /* NetworkManager.m */,
			);
			name = Classes;
			path = WP/Classes;
			sourceTree = SOURCE_ROOT;
		};
		19C28FACFE9D520D11CA2CBB /* Products */ = {
			isa = PBXGroup;
			children = (
				1D6058910D05DD3D006BFB54 /* WP.app */,
			);
			name = Products;
			sourceTree = "<group>";
		};
		1F766FDB13BBADB100FB74C0 /* en.lproj */ = {
			isa = PBXGroup;
			children = (
				1F766FDC13BBADB100FB74C0 /* Localizable.strings */,
			);
			path = en.lproj;
			sourceTree = "<group>";
		};
		1F766FDE13BBADB100FB74C0 /* es.lproj */ = {
			isa = PBXGroup;
			children = (
				1F766FDF13BBADB100FB74C0 /* Localizable.strings */,
			);
			path = es.lproj;
			sourceTree = "<group>";
		};
		29B97314FDCFA39411CA2CEA /* CustomTemplate */ = {
			isa = PBXGroup;
			children = (
				EB87FDF41871DAF40020F90C /* config.xml */,
				EB87FDF31871DA8E0020F90C /* www */,
				EB87FDF21871DA7A0020F90C /* merges */,
				EB87FDF11871DA420020F90C /* Staging */,
				301BF52D109A57CC0062928A /* CordovaLib.xcodeproj */,
				080E96DDFE201D6D7F000001 /* Classes */,
				307C750510C5A3420062BCA9 /* Plugins */,
				29B97315FDCFA39411CA2CEA /* Other Sources */,
				29B97317FDCFA39411CA2CEA /* Resources */,
				29B97323FDCFA39411CA2CEA /* Frameworks */,
				19C28FACFE9D520D11CA2CBB /* Products */,
			);
			name = CustomTemplate;
			sourceTree = "<group>";
		};
		29B97315FDCFA39411CA2CEA /* Other Sources */ = {
			isa = PBXGroup;
			children = (
				32CA4F630368D1EE00C91783 /* WP-Prefix.pch */,
				29B97316FDCFA39411CA2CEA /* main.m */,
			);
			name = "Other Sources";
			path = WP;
			sourceTree = "<group>";
		};
		29B97317FDCFA39411CA2CEA /* Resources */ = {
			isa = PBXGroup;
			children = (
				30A0434214DC770100060A13 /* de.lproj */,
				30A0434514DC770100060A13 /* se.lproj */,
				1F766FDB13BBADB100FB74C0 /* en.lproj */,
				1F766FDE13BBADB100FB74C0 /* es.lproj */,
				308D052D1370CCF300D202BF /* icons */,
				308D05311370CCF300D202BF /* splash */,
				8D1107310486CEB800E47090 /* WP-Info.plist */,
				0CF72135FFFB4AB386291D45 /* CDVNotification.bundle */,
			);
			name = Resources;
			path = WP/Resources;
			sourceTree = "<group>";
		};
		29B97323FDCFA39411CA2CEA /* Frameworks */ = {
			isa = PBXGroup;
			children = (
				CE569DB519C939FC001961E8 /* libz.dylib */,
				CE569DAB19C92FD6001961E8 /* libxml2.dylib */,
				CE569DA919C92FCA001961E8 /* IOKit.framework */,
				5AEE5B34173C68D80009041E /* CoreLocation.framework */,
				5B1594DC16A7569C00FEF299 /* AssetsLibrary.framework */,
				288765FC0DF74451002DB57D /* CoreGraphics.framework */,
				305D5FD0115AB8F900A74A75 /* MobileCoreServices.framework */,
				7D1BC740870346B69A21C7BE /* AudioToolbox.framework */,
				3E15374DA95F4FC188A0A096 /* ImageIO.framework */,
			);
			name = Frameworks;
			sourceTree = "<group>";
		};
		301BF52E109A57CC0062928A /* Products */ = {
			isa = PBXGroup;
			children = (
				301BF535109A57CC0062928A /* libCordova.a */,
			);
			name = Products;
			sourceTree = "<group>";
		};
		307C750510C5A3420062BCA9 /* Plugins */ = {
			isa = PBXGroup;
			children = (
				223252A29BE94337A522A44A /* MyConfig.m */,
				561712DA839F44B19CEB78D5 /* MyConfig.h */,
				ADE2E9806CB847DE9686BB0F /* CDVNotification.m */,
				5F1E1EFB926C4A219EDDBC22 /* CDVNotification.h */,
				7FD4CF09AAC546C4BB56C0D3 /* CDVCamera.m */,
				6D36C1B1A49340A285305C18 /* CDVJpegHeaderWriter.m */,
				485F9F3906AC493EBAF6DAA6 /* CDVCamera.h */,
				4B7F7E7B41FB4923AE56451E /* CDVJpegHeaderWriter.h */,
				B35AEDA03D5F453F8A3BDFC7 /* CDVExif.h */,
				430BA50194324B2BAB81A9E1 /* IDOApp.m */,
				66D65EE71BA147EBB2F52757 /* IDOApp.h */,
				D5F7DD0D44704EFDB8DD70C4 /* CDVDevice.m */,
				AAB0535FAED945389BF41507 /* CDVDevice.h */,
			);
			name = Plugins;
			path = WP/Plugins;
			sourceTree = SOURCE_ROOT;
		};
		308D052D1370CCF300D202BF /* icons */ = {
			isa = PBXGroup;
			children = (
				7E7966D41810823500FA85AD /* icon-40.png */,
				7E7966D51810823500FA85AD /* icon-40@2x.png */,
				7E7966D61810823500FA85AD /* icon-50.png */,
				7E7966D71810823500FA85AD /* icon-50@2x.png */,
				7E7966D81810823500FA85AD /* icon-60.png */,
				7E7966D91810823500FA85AD /* icon-60@2x.png */,
				7E7966DA1810823500FA85AD /* icon-76.png */,
				7E7966DB1810823500FA85AD /* icon-76@2x.png */,
				7E7966DC1810823500FA85AD /* icon-small.png */,
				7E7966DD1810823500FA85AD /* icon-small@2x.png */,
				30FC414816E50CA1004E6F35 /* icon-72@2x.png */,
				308D052E1370CCF300D202BF /* icon-72.png */,
				308D052F1370CCF300D202BF /* icon.png */,
				308D05301370CCF300D202BF /* icon@2x.png */,
			);
			path = icons;
			sourceTree = "<group>";
		};
		308D05311370CCF300D202BF /* splash */ = {
			isa = PBXGroup;
			children = (
				D4A0D8751607E02300AEF8BB /* Default-568h@2x~iphone.png */,
				3088BBB7154F3926009F9C59 /* Default-Landscape@2x~ipad.png */,
				3088BBB8154F3926009F9C59 /* Default-Landscape~ipad.png */,
				3088BBB9154F3926009F9C59 /* Default-Portrait@2x~ipad.png */,
				3088BBBA154F3926009F9C59 /* Default-Portrait~ipad.png */,
				3088BBBB154F3926009F9C59 /* Default@2x~iphone.png */,
				3088BBBC154F3926009F9C59 /* Default~iphone.png */,
			);
			path = splash;
			sourceTree = "<group>";
		};
		30A0434214DC770100060A13 /* de.lproj */ = {
			isa = PBXGroup;
			children = (
				30A0434314DC770100060A13 /* Localizable.strings */,
			);
			path = de.lproj;
			sourceTree = "<group>";
		};
		30A0434514DC770100060A13 /* se.lproj */ = {
			isa = PBXGroup;
			children = (
				30A0434614DC770100060A13 /* Localizable.strings */,
			);
			path = se.lproj;
			sourceTree = "<group>";
		};
		CE569D2419C92D12001961E8 /* 3rdParty */ = {
			isa = PBXGroup;
			children = (
				CE569D2519C92D12001961E8 /* BeeCache */,
				CE569D5019C92D12001961E8 /* JSONKit */,
				CE569D5319C92D12001961E8 /* MBProgressHUD */,
				CE569D5619C92D12001961E8 /* TouchXML */,
			);
			path = 3rdParty;
			sourceTree = "<group>";
		};
		CE569D2519C92D12001961E8 /* BeeCache */ = {
			isa = PBXGroup;
			children = (
				CE569D2619C92D12001961E8 /* Bee_Cache.h */,
				CE569D2719C92D12001961E8 /* Bee_Cache.mm */,
				CE569D2819C92D12001961E8 /* Bee_CacheProtocol.h */,
				CE569D2919C92D12001961E8 /* Bee_CacheProtocol.mm */,
				CE569D2A19C92D12001961E8 /* Bee_FileCache.h */,
				CE569D2B19C92D12001961E8 /* Bee_FileCache.mm */,
				CE569D2C19C92D12001961E8 /* Bee_Foundation.h */,
				CE569D2D19C92D12001961E8 /* Bee_MemoryCache.h */,
				CE569D2E19C92D12001961E8 /* Bee_MemoryCache.mm */,
				CE569D2F19C92D12001961E8 /* Bee_Package.h */,
				CE569D3019C92D12001961E8 /* Bee_Precompile.h */,
				CE569D3119C92D12001961E8 /* Bee_Runtime.h */,
				CE569D3219C92D12001961E8 /* Bee_Runtime.mm */,
				CE569D3319C92D12001961E8 /* Bee_Sandbox.h */,
				CE569D3419C92D12001961E8 /* Bee_Sandbox.mm */,
				CE569D3519C92D12001961E8 /* Bee_Singleton.h */,
				CE569D3619C92D12001961E8 /* Bee_SystemInfo.h */,
				CE569D3719C92D12001961E8 /* Bee_SystemInfo.mm */,
				CE569D3819C92D12001961E8 /* Bee_UserDefaults.h */,
				CE569D3919C92D12001961E8 /* Bee_UserDefaults.mm */,
				CE569D3A19C92D12001961E8 /* extension */,
				CE569D3D19C92D12001961E8 /* NSArray+BeeExtension.h */,
				CE569D3E19C92D12001961E8 /* NSArray+BeeExtension.mm */,
				CE569D3F19C92D12001961E8 /* NSBundle+BeeExtension.h */,
				CE569D4019C92D12001961E8 /* NSBundle+BeeExtension.m */,
				CE569D4119C92D12001961E8 /* NSData+BeeExtension.h */,
				CE569D4219C92D12001961E8 /* NSData+BeeExtension.mm */,
				CE569D4319C92D12001961E8 /* NSDate+BeeExtension.h */,
				CE569D4419C92D12001961E8 /* NSDate+BeeExtension.mm */,
				CE569D4519C92D12001961E8 /* NSDictionary+BeeExtension.h */,
				CE569D4619C92D12001961E8 /* NSDictionary+BeeExtension.mm */,
				CE569D4719C92D12001961E8 /* NSNumber+BeeExtension.h */,
				CE569D4819C92D12001961E8 /* NSNumber+BeeExtension.mm */,
				CE569D4919C92D12001961E8 /* NSObject+BeeJSON.h */,
				CE569D4A19C92D12001961E8 /* NSObject+BeeJSON.mm */,
				CE569D4B19C92D12001961E8 /* NSObject+BeeProperty.h */,
				CE569D4C19C92D12001961E8 /* NSObject+BeeTypeConversion.h */,
				CE569D4D19C92D12001961E8 /* NSObject+BeeTypeConversion.mm */,
				CE569D4E19C92D12001961E8 /* NSString+BeeExtension.h */,
				CE569D4F19C92D12001961E8 /* NSString+BeeExtension.mm */,
			);
			path = BeeCache;
			sourceTree = "<group>";
		};
		CE569D3A19C92D12001961E8 /* extension */ = {
			isa = PBXGroup;
			children = (
				CE569D3B19C92D12001961E8 /* NSObject+BeeUserDefaults.h */,
				CE569D3C19C92D12001961E8 /* NSObject+BeeUserDefaults.mm */,
			);
			path = extension;
			sourceTree = "<group>";
		};
		CE569D5019C92D12001961E8 /* JSONKit */ = {
			isa = PBXGroup;
			children = (
				CE569D5119C92D12001961E8 /* JSONKit.h */,
				CE569D5219C92D12001961E8 /* JSONKit.m */,
			);
			path = JSONKit;
			sourceTree = "<group>";
		};
		CE569D5319C92D12001961E8 /* MBProgressHUD */ = {
			isa = PBXGroup;
			children = (
				CE569D5419C92D12001961E8 /* MBProgressHUD.h */,
				CE569D5519C92D12001961E8 /* MBProgressHUD.m */,
			);
			path = MBProgressHUD;
			sourceTree = "<group>";
		};
		CE569D5619C92D12001961E8 /* TouchXML */ = {
			isa = PBXGroup;
			children = (
				CE569D5719C92D12001961E8 /* CTidy.h */,
				CE569D5819C92D12001961E8 /* CTidy.m */,
				CE569D5919C92D12001961E8 /* CXHTMLDocument.h */,
				CE569D5A19C92D12001961E8 /* CXHTMLDocument.m */,
				CE569D5B19C92D12001961E8 /* CXMLDocument.h */,
				CE569D5C19C92D12001961E8 /* CXMLDocument.m */,
				CE569D5D19C92D12001961E8 /* CXMLDocument_CreationExtensions.h */,
				CE569D5E19C92D12001961E8 /* CXMLDocument_CreationExtensions.m */,
				CE569D5F19C92D12001961E8 /* CXMLDocument_PrivateExtensions.h */,
				CE569D6019C92D12001961E8 /* CXMLDocument_PrivateExtensions.m */,
				CE569D6119C92D12001961E8 /* CXMLElement.h */,
				CE569D6219C92D12001961E8 /* CXMLElement.m */,
				CE569D6319C92D12001961E8 /* CXMLElement_CreationExtensions.h */,
				CE569D6419C92D12001961E8 /* CXMLElement_CreationExtensions.m */,
				CE569D6519C92D12001961E8 /* CXMLElement_ElementTreeExtensions.h */,
				CE569D6619C92D12001961E8 /* CXMLElement_ElementTreeExtensions.m */,
				CE569D6719C92D12001961E8 /* CXMLNamespaceNode.h */,
				CE569D6819C92D12001961E8 /* CXMLNamespaceNode.m */,
				CE569D6919C92D12001961E8 /* CXMLNode.h */,
				CE569D6A19C92D12001961E8 /* CXMLNode.m */,
				CE569D6B19C92D12001961E8 /* CXMLNode_CreationExtensions.h */,
				CE569D6C19C92D12001961E8 /* CXMLNode_CreationExtensions.m */,
				CE569D6D19C92D12001961E8 /* CXMLNode_PrivateExtensions.h */,
				CE569D6E19C92D12001961E8 /* CXMLNode_PrivateExtensions.m */,
				CE569D6F19C92D12001961E8 /* CXMLNode_XPathExtensions.h */,
				CE569D7019C92D12001961E8 /* CXMLNode_XPathExtensions.m */,
				CE569D7119C92D12001961E8 /* TouchXML.h */,
			);
			path = TouchXML;
			sourceTree = "<group>";
		};
		CE569D9619C92D27001961E8 /* OpenUDID */ = {
			isa = PBXGroup;
			children = (
				CE569D9719C92D27001961E8 /* OpenUDID.h */,
				CE569D9819C92D27001961E8 /* OpenUDID.m */,
			);
			path = OpenUDID;
			sourceTree = "<group>";
		};
		CE569D9A19C92D36001961E8 /* Setting */ = {
			isa = PBXGroup;
			children = (
				CE569D9B19C92D36001961E8 /* Constants.h */,
				CE569D9C19C92D36001961E8 /* DefaultConfigure.xml */,
				CE569D9D19C92D36001961E8 /* DZ_UIDevice_IOKit_Extensions.h */,
				CE569D9E19C92D36001961E8 /* DZ_UIDevice_IOKit_Extensions.m */,
				CE569D9F19C92D36001961E8 /* ZM_SystemSetting.h */,
				CE569DA019C92D36001961E8 /* ZM_SystemSetting.m */,
			);
			path = Setting;
			sourceTree = "<group>";
		};
		CE569DB019C9371A001961E8 /* UMAnalytics_Sdk_3.1.2 */ = {
			isa = PBXGroup;
			children = (
				CE569DB119C9371A001961E8 /* libMobClickLibrary.a */,
				CE569DB219C9371A001961E8 /* MobClick.h */,
				CE569DB319C9371A001961E8 /* MobClickSocialAnalytics.h */,
			);
			path = UMAnalytics_Sdk_3.1.2;
			sourceTree = "<group>";
		};
		EB87FDF11871DA420020F90C /* Staging */ = {
			isa = PBXGroup;
			children = (
				F840E1F0165FE0F500CFE078 /* config.xml */,
				301BF56E109A69640062928A /* www */,
			);
			name = Staging;
			sourceTree = "<group>";
		};
/* End PBXGroup section */

/* Begin PBXNativeTarget section */
		1D6058900D05DD3D006BFB54 /* WP */ = {
			isa = PBXNativeTarget;
			buildConfigurationList = 1D6058960D05DD3E006BFB54 /* Build configuration list for PBXNativeTarget "WP" */;
			buildPhases = (
				304B58A110DAC018002A0835 /* Copy www directory */,
				1D60588D0D05DD3D006BFB54 /* Resources */,
				1D60588E0D05DD3D006BFB54 /* Sources */,
				1D60588F0D05DD3D006BFB54 /* Frameworks */,
			);
			buildRules = (
			);
			dependencies = (
				301BF551109A68C00062928A /* PBXTargetDependency */,
			);
			name = WP;
			productName = WP;
			productReference = 1D6058910D05DD3D006BFB54 /* WP.app */;
			productType = "com.apple.product-type.application";
		};
/* End PBXNativeTarget section */

/* Begin PBXProject section */
		29B97313FDCFA39411CA2CEA /* Project object */ = {
			isa = PBXProject;
			attributes = {
				LastUpgradeCheck = 510;
				TargetAttributes = {
					1D6058900D05DD3D006BFB54 = {
						DevelopmentTeam = 3ZLC7X3FN8;
					};
				};
			};
			buildConfigurationList = C01FCF4E08A954540054247B /* Build configuration list for PBXProject "WP" */;
			compatibilityVersion = "Xcode 3.2";
			developmentRegion = English;
			hasScannedForEncodings = 1;
			knownRegions = (
				English,
				Japanese,
				French,
				German,
				en,
				es,
				de,
				se,
			);
			mainGroup = 29B97314FDCFA39411CA2CEA /* CustomTemplate */;
			projectDirPath = "";
			projectReferences = (
				{
					ProductGroup = 301BF52E109A57CC0062928A /* Products */;
					ProjectRef = 301BF52D109A57CC0062928A /* CordovaLib.xcodeproj */;
				},
			);
			projectRoot = "";
			targets = (
				1D6058900D05DD3D006BFB54 /* WP */,
			);
		};
/* End PBXProject section */

/* Begin PBXReferenceProxy section */
		301BF535109A57CC0062928A /* libCordova.a */ = {
			isa = PBXReferenceProxy;
			fileType = archive.ar;
			path = libCordova.a;
			remoteRef = 301BF534109A57CC0062928A /* PBXContainerItemProxy */;
			sourceTree = BUILT_PRODUCTS_DIR;
		};
/* End PBXReferenceProxy section */

/* Begin PBXResourcesBuildPhase section */
		1D60588D0D05DD3D006BFB54 /* Resources */ = {
			isa = PBXResourcesBuildPhase;
			buildActionMask = 2147483647;
			files = (
				7E7966E41810823500FA85AD /* icon-76.png in Resources */,
				7E7966DF1810823500FA85AD /* icon-40@2x.png in Resources */,
				308D05371370CCF300D202BF /* icon-72.png in Resources */,
				308D05381370CCF300D202BF /* icon.png in Resources */,
				308D05391370CCF300D202BF /* icon@2x.png in Resources */,
				1F766FE113BBADB100FB74C0 /* Localizable.strings in Resources */,
				302D95F214D2391D003F00A1 /* MainViewController.xib in Resources */,
				7E7966E01810823500FA85AD /* icon-50.png in Resources */,
				7E7966E31810823500FA85AD /* icon-60@2x.png in Resources */,
				30A0434814DC770100060A13 /* Localizable.strings in Resources */,
				7E7966E61810823500FA85AD /* icon-small.png in Resources */,
				3088BBBD154F3926009F9C59 /* Default-Landscape@2x~ipad.png in Resources */,
				3088BBBE154F3926009F9C59 /* Default-Landscape~ipad.png in Resources */,
				3088BBBF154F3926009F9C59 /* Default-Portrait@2x~ipad.png in Resources */,
				7E7966E71810823500FA85AD /* icon-small@2x.png in Resources */,
				3088BBC0154F3926009F9C59 /* Default-Portrait~ipad.png in Resources */,
				7E7966DE1810823500FA85AD /* icon-40.png in Resources */,
				3088BBC1154F3926009F9C59 /* Default@2x~iphone.png in Resources */,
				7E7966E21810823500FA85AD /* icon-60.png in Resources */,
				CE569DA119C92D36001961E8 /* DefaultConfigure.xml in Resources */,
				3088BBC2154F3926009F9C59 /* Default~iphone.png in Resources */,
				D4A0D8761607E02300AEF8BB /* Default-568h@2x~iphone.png in Resources */,
				7E7966E11810823500FA85AD /* icon-50@2x.png in Resources */,
				7E7966E51810823500FA85AD /* icon-76@2x.png in Resources */,
				30FC414916E50CA1004E6F35 /* icon-72@2x.png in Resources */,
				31AFEAECB3FE463B907D5CD0 /* CDVNotification.bundle in Resources */,
			);
			runOnlyForDeploymentPostprocessing = 0;
		};
/* End PBXResourcesBuildPhase section */

/* Begin PBXShellScriptBuildPhase section */
		304B58A110DAC018002A0835 /* Copy www directory */ = {
			isa = PBXShellScriptBuildPhase;
			buildActionMask = 2147483647;
			files = (
			);
			inputPaths = (
			);
			name = "Copy www directory";
			outputPaths = (
			);
			runOnlyForDeploymentPostprocessing = 0;
			shellPath = /bin/sh;
			shellScript = "cordova/lib/copy-www-build-step.sh";
			showEnvVarsInLog = 0;
		};
/* End PBXShellScriptBuildPhase section */

/* Begin PBXSourcesBuildPhase section */
		1D60588E0D05DD3D006BFB54 /* Sources */ = {
			isa = PBXSourcesBuildPhase;
			buildActionMask = 2147483647;
			files = (
				CE569D8119C92D12001961E8 /* NSObject+BeeJSON.mm in Sources */,
				CE569D8C19C92D12001961E8 /* CXMLElement_CreationExtensions.m in Sources */,
				CE569DA219C92D36001961E8 /* DZ_UIDevice_IOKit_Extensions.m in Sources */,
				CE569D9219C92D12001961E8 /* CXMLNode_XPathExtensions.m in Sources */,
				1D60589B0D05DD56006BFB54 /* main.m in Sources */,
				CE569D9119C92D12001961E8 /* CXMLNode_PrivateExtensions.m in Sources */,
				CE569D7919C92D12001961E8 /* Bee_UserDefaults.mm in Sources */,
				CE569D9919C92D27001961E8 /* OpenUDID.m in Sources */,
				CE569D7219C92D12001961E8 /* Bee_Cache.mm in Sources */,
				CE569D7519C92D12001961E8 /* Bee_MemoryCache.mm in Sources */,
				CE569D7419C92D12001961E8 /* Bee_FileCache.mm in Sources */,
				CE569D8B19C92D12001961E8 /* CXMLElement.m in Sources */,
				CE569D8E19C92D12001961E8 /* CXMLNamespaceNode.m in Sources */,
				CE569D7E19C92D12001961E8 /* NSDate+BeeExtension.mm in Sources */,
				CE569D8519C92D12001961E8 /* MBProgressHUD.m in Sources */,
				CE569D9519C92D1E001961E8 /* ido_log.m in Sources */,
				CE569DA319C92D36001961E8 /* ZM_SystemSetting.m in Sources */,
				CE569D8819C92D12001961E8 /* CXMLDocument.m in Sources */,
				CE569D7619C92D12001961E8 /* Bee_Runtime.mm in Sources */,
				1D3623260D0F684500981E51 /* AppDelegate.m in Sources */,
				CE569D8D19C92D12001961E8 /* CXMLElement_ElementTreeExtensions.m in Sources */,
				CE569D8719C92D12001961E8 /* CXHTMLDocument.m in Sources */,
				CE569DA619C92DD1001961E8 /* NetworkManager.m in Sources */,
				CE569D7719C92D12001961E8 /* Bee_Sandbox.mm in Sources */,
				CE569D7F19C92D12001961E8 /* NSDictionary+BeeExtension.mm in Sources */,
				CE569D8019C92D12001961E8 /* NSNumber+BeeExtension.mm in Sources */,
				CE569D8A19C92D12001961E8 /* CXMLDocument_PrivateExtensions.m in Sources */,
				CE569D7A19C92D12001961E8 /* NSObject+BeeUserDefaults.mm in Sources */,
				CE569D8619C92D12001961E8 /* CTidy.m in Sources */,
				302D95F114D2391D003F00A1 /* MainViewController.m in Sources */,
				CE569D8F19C92D12001961E8 /* CXMLNode.m in Sources */,
				C09C4DE6FDD040C2BE14FB7B /* MyConfig.m in Sources */,
				CE569D7C19C92D12001961E8 /* NSBundle+BeeExtension.m in Sources */,
				CE569D7319C92D12001961E8 /* Bee_CacheProtocol.mm in Sources */,
				CE569D8919C92D12001961E8 /* CXMLDocument_CreationExtensions.m in Sources */,
				CE569D7D19C92D12001961E8 /* NSData+BeeExtension.mm in Sources */,
				CE569D9019C92D12001961E8 /* CXMLNode_CreationExtensions.m in Sources */,
				CE569D8319C92D12001961E8 /* NSString+BeeExtension.mm in Sources */,
				CE569D7819C92D12001961E8 /* Bee_SystemInfo.mm in Sources */,
				CE569D8219C92D12001961E8 /* NSObject+BeeTypeConversion.mm in Sources */,
				CE569D7B19C92D12001961E8 /* NSArray+BeeExtension.mm in Sources */,
				CE569D8419C92D12001961E8 /* JSONKit.m in Sources */,
				2D3F50C9507B4F3F9E84C4CC /* CDVNotification.m in Sources */,
				053C81B343BB4F17A027B4EE /* CDVCamera.m in Sources */,
				F554193DFDBA439BBD2FDD8A /* CDVJpegHeaderWriter.m in Sources */,
				91F697B2E7AA41DB82EBD253 /* IDOApp.m in Sources */,
				991A6A28360247D9A0D3F537 /* CDVDevice.m in Sources */,
			);
			runOnlyForDeploymentPostprocessing = 0;
		};
/* End PBXSourcesBuildPhase section */

/* Begin PBXTargetDependency section */
		301BF551109A68C00062928A /* PBXTargetDependency */ = {
			isa = PBXTargetDependency;
			name = CordovaLib;
			targetProxy = 301BF550109A68C00062928A /* PBXContainerItemProxy */;
		};
/* End PBXTargetDependency section */

/* Begin PBXVariantGroup section */
		1F766FDC13BBADB100FB74C0 /* Localizable.strings */ = {
			isa = PBXVariantGroup;
			children = (
				1F766FDD13BBADB100FB74C0 /* en */,
			);
			name = Localizable.strings;
			sourceTree = "<group>";
		};
		1F766FDF13BBADB100FB74C0 /* Localizable.strings */ = {
			isa = PBXVariantGroup;
			children = (
				1F766FE013BBADB100FB74C0 /* es */,
			);
			name = Localizable.strings;
			sourceTree = "<group>";
		};
		30A0434314DC770100060A13 /* Localizable.strings */ = {
			isa = PBXVariantGroup;
			children = (
				30A0434414DC770100060A13 /* de */,
			);
			name = Localizable.strings;
			sourceTree = "<group>";
		};
		30A0434614DC770100060A13 /* Localizable.strings */ = {
			isa = PBXVariantGroup;
			children = (
				30A0434714DC770100060A13 /* se */,
			);
			name = Localizable.strings;
			sourceTree = "<group>";
		};
/* End PBXVariantGroup section */

/* Begin XCBuildConfiguration section */
		1D6058940D05DD3E006BFB54 /* Debug */ = {
			isa = XCBuildConfiguration;
			buildSettings = {
				ALWAYS_SEARCH_USER_PATHS = NO;
				CLANG_ENABLE_OBJC_ARC = YES;
				CODE_SIGN_IDENTITY = "iPhone Developer";
				COPY_PHASE_STRIP = NO;
				FRAMEWORK_SEARCH_PATHS = (
					"$(inherited)",
					"$(PROJECT_DIR)",
				);
				GCC_DYNAMIC_NO_PIC = NO;
				GCC_OPTIMIZATION_LEVEL = 0;
				GCC_PRECOMPILE_PREFIX_HEADER = YES;
				GCC_PREFIX_HEADER = "WP/WP-Prefix.pch";
				GCC_THUMB_SUPPORT = NO;
				GCC_VERSION = "";
				HEADER_SEARCH_PATHS = (
					"\"$(TARGET_BUILD_DIR)/usr/local/lib/include\"",
					"\"$(OBJROOT)/UninstalledProducts/include\"",
					"\"$(BUILT_PRODUCTS_DIR)\"",
					/usr/include/libxml2,
				);
				INFOPLIST_FILE = "WP/WP-Info.plist";
				IPHONEOS_DEPLOYMENT_TARGET = 6.0;
				LIBRARY_SEARCH_PATHS = (
					"$(inherited)",
					"$(PROJECT_DIR)/WP/Classes/UMAnalytics_Sdk_3.1.2",
				);
				OTHER_LDFLAGS = (
					"-weak_framework",
					CoreFoundation,
					"-weak_framework",
					UIKit,
					"-weak_framework",
					AVFoundation,
					"-weak_framework",
					CoreMedia,
					"-weak-lSystem",
					"-force_load",
					"\"$(BUILT_PRODUCTS_DIR)/libCordova.a\"",
					"-ObjC",
				);
				PRODUCT_NAME = WP;
				TARGETED_DEVICE_FAMILY = "1,2";
			};
			name = Debug;
		};
		1D6058950D05DD3E006BFB54 /* Release */ = {
			isa = XCBuildConfiguration;
			buildSettings = {
				ALWAYS_SEARCH_USER_PATHS = NO;
				CLANG_ENABLE_OBJC_ARC = YES;
				CODE_SIGN_IDENTITY = "iPhone Developer";
				COPY_PHASE_STRIP = YES;
				FRAMEWORK_SEARCH_PATHS = (
					"$(inherited)",
					"$(PROJECT_DIR)",
				);
				GCC_PRECOMPILE_PREFIX_HEADER = YES;
				GCC_PREFIX_HEADER = "WP/WP-Prefix.pch";
				GCC_THUMB_SUPPORT = NO;
				GCC_VERSION = "";
				HEADER_SEARCH_PATHS = (
					"\"$(TARGET_BUILD_DIR)/usr/local/lib/include\"",
					"\"$(OBJROOT)/UninstalledProducts/include\"",
					"\"$(BUILT_PRODUCTS_DIR)\"",
					/usr/include/libxml2,
				);
				INFOPLIST_FILE = "WP/WP-Info.plist";
				IPHONEOS_DEPLOYMENT_TARGET = 6.0;
				LIBRARY_SEARCH_PATHS = (
					"$(inherited)",
					"$(PROJECT_DIR)/WP/Classes/UMAnalytics_Sdk_3.1.2",
				);
				OTHER_LDFLAGS = (
					"-weak_framework",
					CoreFoundation,
					"-weak_framework",
					UIKit,
					"-weak_framework",
					AVFoundation,
					"-weak_framework",
					CoreMedia,
					"-weak-lSystem",
					"-force_load",
					"\"$(BUILT_PRODUCTS_DIR)/libCordova.a\"",
					"-ObjC",
				);
				PRODUCT_NAME = WP;
				TARGETED_DEVICE_FAMILY = "1,2";
			};
			name = Release;
		};
		C01FCF4F08A954540054247B /* Debug */ = {
			isa = XCBuildConfiguration;
			buildSettings = {
				CLANG_ENABLE_OBJC_ARC = YES;
				CLANG_WARN_BOOL_CONVERSION = YES;
				CLANG_WARN_CONSTANT_CONVERSION = YES;
				CLANG_WARN_EMPTY_BODY = YES;
				CLANG_WARN_ENUM_CONVERSION = YES;
				CLANG_WARN_INT_CONVERSION = YES;
				CLANG_WARN__DUPLICATE_METHOD_MATCH = YES;
				"CODE_SIGN_IDENTITY[sdk=iphoneos*]" = "iPhone Developer";
				GCC_C_LANGUAGE_STANDARD = c99;
				GCC_THUMB_SUPPORT = NO;
				GCC_VERSION = "";
				GCC_WARN_ABOUT_RETURN_TYPE = YES;
				GCC_WARN_UNDECLARED_SELECTOR = YES;
				GCC_WARN_UNINITIALIZED_AUTOS = YES;
				GCC_WARN_UNUSED_FUNCTION = YES;
				GCC_WARN_UNUSED_VARIABLE = YES;
				HEADER_SEARCH_PATHS = (
					"\"$(TARGET_BUILD_DIR)/usr/local/lib/include\"",
					"\"$(OBJROOT)/UninstalledProducts/include\"",
					"\"$(BUILT_PRODUCTS_DIR)\"",
				);
				IPHONEOS_DEPLOYMENT_TARGET = 6.0;
				ONLY_ACTIVE_ARCH = YES;
				OTHER_LDFLAGS = (
					"-weak_framework",
					CoreFoundation,
					"-weak_framework",
					UIKit,
					"-weak_framework",
					AVFoundation,
					"-weak_framework",
					CoreMedia,
					"-weak-lSystem",
					"-force_load",
					"\"$(BUILT_PRODUCTS_DIR)/libCordova.a\"",
					"-ObjC",
				);
				SDKROOT = iphoneos;
				SKIP_INSTALL = NO;
				USER_HEADER_SEARCH_PATHS = "";
			};
			name = Debug;
		};
		C01FCF5008A954540054247B /* Release */ = {
			isa = XCBuildConfiguration;
			buildSettings = {
				CLANG_ENABLE_OBJC_ARC = YES;
				CLANG_WARN_BOOL_CONVERSION = YES;
				CLANG_WARN_CONSTANT_CONVERSION = YES;
				CLANG_WARN_EMPTY_BODY = YES;
				CLANG_WARN_ENUM_CONVERSION = YES;
				CLANG_WARN_INT_CONVERSION = YES;
				CLANG_WARN__DUPLICATE_METHOD_MATCH = YES;
				"CODE_SIGN_IDENTITY[sdk=iphoneos*]" = "iPhone Developer";
				GCC_C_LANGUAGE_STANDARD = c99;
				GCC_THUMB_SUPPORT = NO;
				GCC_VERSION = "";
				GCC_WARN_ABOUT_RETURN_TYPE = YES;
				GCC_WARN_UNDECLARED_SELECTOR = YES;
				GCC_WARN_UNINITIALIZED_AUTOS = YES;
				GCC_WARN_UNUSED_FUNCTION = YES;
				GCC_WARN_UNUSED_VARIABLE = YES;
				HEADER_SEARCH_PATHS = (
					"\"$(TARGET_BUILD_DIR)/usr/local/lib/include\"",
					"\"$(OBJROOT)/UninstalledProducts/include\"",
					"\"$(BUILT_PRODUCTS_DIR)\"",
				);
				IPHONEOS_DEPLOYMENT_TARGET = 6.0;
				OTHER_LDFLAGS = (
					"-weak_framework",
					CoreFoundation,
					"-weak_framework",
					UIKit,
					"-weak_framework",
					AVFoundation,
					"-weak_framework",
					CoreMedia,
					"-weak-lSystem",
					"-force_load",
					"\"$(BUILT_PRODUCTS_DIR)/libCordova.a\"",
					"-ObjC",
				);
				SDKROOT = iphoneos;
				SKIP_INSTALL = NO;
				USER_HEADER_SEARCH_PATHS = "";
			};
			name = Release;
		};
/* End XCBuildConfiguration section */

/* Begin XCConfigurationList section */
		1D6058960D05DD3E006BFB54 /* Build configuration list for PBXNativeTarget "WP" */ = {
			isa = XCConfigurationList;
			buildConfigurations = (
				1D6058940D05DD3E006BFB54 /* Debug */,
				1D6058950D05DD3E006BFB54 /* Release */,
			);
			defaultConfigurationIsVisible = 0;
			defaultConfigurationName = Release;
		};
		C01FCF4E08A954540054247B /* Build configuration list for PBXProject "WP" */ = {
			isa = XCConfigurationList;
			buildConfigurations = (
				C01FCF4F08A954540054247B /* Debug */,
				C01FCF5008A954540054247B /* Release */,
			);
			defaultConfigurationIsVisible = 0;
			defaultConfigurationName = Release;
		};
/* End XCConfigurationList section */
	};
	rootObject = 29B97313FDCFA39411CA2CEA /* Project object */;
}
